<?xml version="1.0" encoding="utf-8"?>
<Project ToolsVersion="4.0" xmlns="http://schemas.microsoft.com/developer/msbuild/2003">
  <ItemGroup>
    <Filter Include="ソース ファイル">
      <UniqueIdentifier>{4FC737F1-C7A5-4376-A066-2A32D752A2FF}</UniqueIdentifier>
      <Extensions>cpp;c;cc;cxx;def;odl;idl;hpj;bat;asm;asmx</Extensions>
    </Filter>
    <Filter Include="ヘッダー ファイル">
      <UniqueIdentifier>{93995380-89BD-4b04-88EB-625FBE52EBFB}</UniqueIdentifier>
      <Extensions>h;hpp;hxx;hm;inl;inc;xsd</Extensions>
    </Filter>
    <Filter Include="リソース ファイル">
      <UniqueIdentifier>{67DA6AB6-F800-4c08-8B7A-83BB121AAD01}</UniqueIdentifier>
      <Extensions>rc;ico;cur;bmp;dlg;rc2;rct;bin;rgs;gif;jpg;jpeg;jpe;resx;tiff;tif;png;wav;mfcribbon-ms</Extensions>
    </Filter>
    <Filter Include="RomanceEngine">
      <UniqueIdentifier>{76ed7e6e-ddef-42f7-b9d9-9610bd7415c2}</UniqueIdentifier>
    </Filter>
    <Filter Include="RomanceEngine\Source">
      <UniqueIdentifier>{26b8ba7e-84e5-49be-9c2b-44fc987036c1}</UniqueIdentifier>
    </Filter>
    <Filter Include="RomanceEngine\Header">
      <UniqueIdentifier>{c1351765-6580-4df2-9235-5654ee9b8721}</UniqueIdentifier>
    </Filter>
    <Filter Include="RomanceEngine\Source\Math">
      <UniqueIdentifier>{80f2804c-6c39-4b50-b959-d96ee91cffae}</UniqueIdentifier>
    </Filter>
    <Filter Include="RomanceEngine\Header\Math">
      <UniqueIdentifier>{f4a5172d-1363-48f9-9485-e9d12e97a738}</UniqueIdentifier>
    </Filter>
    <Filter Include="RomanceEngine\Header\Memory">
      <UniqueIdentifier>{7e4e043e-837d-401a-a584-ce14e37e1d55}</UniqueIdentifier>
    </Filter>
    <Filter Include="RomanceEngine\Source\Memory">
      <UniqueIdentifier>{a972c473-b2c9-49ef-a6c5-7117137655b1}</UniqueIdentifier>
    </Filter>
    <Filter Include="RomanceEngine\Header\Render">
      <UniqueIdentifier>{fad1b3ec-0d8f-4d2f-aef3-3efd4ca01390}</UniqueIdentifier>
    </Filter>
    <Filter Include="RomanceEngine\Source\Render">
      <UniqueIdentifier>{74ffc0f2-2da1-4dc2-8825-a97bd8350c37}</UniqueIdentifier>
    </Filter>
    <Filter Include="RomanceEngine\Source\Render\Particle">
      <UniqueIdentifier>{9afcacd8-b73f-484f-a50d-87a7b4eb1719}</UniqueIdentifier>
    </Filter>
    <Filter Include="RomanceEngine\Header\Render\Particle">
      <UniqueIdentifier>{363de90c-77de-44a0-961f-bc9606ed494f}</UniqueIdentifier>
    </Filter>
    <Filter Include="shader">
      <UniqueIdentifier>{a305aa39-d9af-4970-87a1-b9f35b4da239}</UniqueIdentifier>
    </Filter>
    <Filter Include="RomanceEngine\Header\Image">
      <UniqueIdentifier>{bfb3c490-347f-462f-9f40-025d7463032a}</UniqueIdentifier>
    </Filter>
    <Filter Include="RomanceEngine\Source\Image">
      <UniqueIdentifier>{4d555881-6cc3-4771-93bf-244e045218c1}</UniqueIdentifier>
    </Filter>
    <Filter Include="RomanceEngine\Source\RenderSystem">
      <UniqueIdentifier>{524037ab-e186-4cb6-a983-799843369b8a}</UniqueIdentifier>
    </Filter>
    <Filter Include="RomanceEngine\Header\RenderSystem">
      <UniqueIdentifier>{349422f1-a209-438e-9d24-628c65c939e1}</UniqueIdentifier>
    </Filter>
    <Filter Include="RomanceEngine\Header\GUI">
      <UniqueIdentifier>{202de2c3-4f1d-4d96-be7b-2f54faccb87e}</UniqueIdentifier>
    </Filter>
    <Filter Include="RomanceEngine\Source\GUI">
      <UniqueIdentifier>{3d2071d5-054b-4594-942b-473c7392be07}</UniqueIdentifier>
    </Filter>
    <Filter Include="RomanceEngine\Header\RenderSystem\GL">
      <UniqueIdentifier>{85ac2943-58a2-499b-a315-e63b3f016a41}</UniqueIdentifier>
    </Filter>
    <Filter Include="RomanceEngine\Source\RenderSystem\GL">
      <UniqueIdentifier>{26d18038-b96c-4e6f-a6ed-9ce501c833ac}</UniqueIdentifier>
    </Filter>
  </ItemGroup>
  <ItemGroup>
    <ClCompile Include="main.cpp">
      <Filter>ソース ファイル</Filter>
    </ClCompile>
    <ClCompile Include="src\RomanceEngine\Math\vector_3d.cpp">
      <Filter>RomanceEngine\Source\Math</Filter>
    </ClCompile>
    <ClCompile Include="src\RomanceEngine\Math\matrix_4x4.cpp">
      <Filter>RomanceEngine\Source\Math</Filter>
    </ClCompile>
    <ClCompile Include="src\RomanceEngine\Render\fragment_shader.cpp">
      <Filter>RomanceEngine\Source\Render</Filter>
    </ClCompile>
    <ClCompile Include="src\RomanceEngine\Render\shader_manager.cpp">
      <Filter>RomanceEngine\Source\Render</Filter>
    </ClCompile>
    <ClCompile Include="src\RomanceEngine\Render\vertex_shader.cpp">
      <Filter>RomanceEngine\Source\Render</Filter>
    </ClCompile>
    <ClCompile Include="src\RomanceEngine\Image\dds.cpp">
      <Filter>RomanceEngine\Source\Image</Filter>
    </ClCompile>
    <ClCompile Include="include\RomanceEngine\Image\dds.h">
      <Filter>RomanceEngine\Header\Image</Filter>
    </ClCompile>
    <ClCompile Include="src\RomanceEngine\Render\primitive_renderer.cpp">
      <Filter>RomanceEngine\Source\Render</Filter>
    </ClCompile>
    <ClCompile Include="src\RomanceEngine\RenderSystem\GL\gl_render_context.cpp">
      <Filter>RomanceEngine\Source\RenderSystem\GL</Filter>
    </ClCompile>
    <ClCompile Include="src\RomanceEngine\RenderSystem\GL\gl_fragment_shader.cpp">
      <Filter>RomanceEngine\Source\RenderSystem\GL</Filter>
    </ClCompile>
    <ClCompile Include="src\RomanceEngine\RenderSystem\GL\gl_vertex_shader.cpp">
      <Filter>RomanceEngine\Source\RenderSystem\GL</Filter>
    </ClCompile>
    <ClCompile Include="src\RomanceEngine\RenderSystem\GL\gl_shader_manager.cpp">
      <Filter>RomanceEngine\Source\RenderSystem\GL</Filter>
    </ClCompile>
    <ClCompile Include="src\RomanceEngine\GUI\button.cpp">
      <Filter>RomanceEngine\Source\GUI</Filter>
    </ClCompile>
    <ClCompile Include="src\RomanceEngine\GUI\value_bar.cpp">
      <Filter>RomanceEngine\Source\GUI</Filter>
    </ClCompile>
    <ClCompile Include="src\RomanceEngine\GUI\gui_manager.cpp">
      <Filter>RomanceEngine\Source\GUI</Filter>
    </ClCompile>
    <ClCompile Include="src\RomanceEngine\GUI\gui_object.cpp">
      <Filter>RomanceEngine\Source\GUI</Filter>
    </ClCompile>
    <ClCompile Include="src\RomanceEngine\Render\camera.cpp">
      <Filter>RomanceEngine\Source\Render</Filter>
    </ClCompile>
    <ClCompile Include="src\RomanceEngine\Image\bitmap.cpp">
      <Filter>RomanceEngine\Source\Image</Filter>
    </ClCompile>
  </ItemGroup>
  <ItemGroup>
    <None Include="none.fx">
      <Filter>shader</Filter>
    </None>
    <None Include="none.cg">
      <Filter>shader</Filter>
    </None>
    <None Include="vs.cg">
      <Filter>shader</Filter>
    </None>
    <None Include="fs.cg">
      <Filter>shader</Filter>
    </None>
    <None Include="shader\tex_simple_v.cg">
      <Filter>shader</Filter>
    </None>
    <None Include="shader\tex_simple_f.cg">
      <Filter>shader</Filter>
    </None>
    <None Include="shader\color_simple_f.cg">
      <Filter>shader</Filter>
    </None>
    <None Include="shader\color_simple_v.cg">
      <Filter>shader</Filter>
    </None>
    <None Include="shader\light_simple_v.cg">
      <Filter>shader</Filter>
    </None>
    <None Include="shader\light_simple_f.cg">
      <Filter>shader</Filter>
    </None>
  </ItemGroup>
  <ItemGroup>
    <ClInclude Include="include\RomanceEngine\Math\vector_3d.h">
      <Filter>RomanceEngine\Header\Math</Filter>
    </ClInclude>
    <ClInclude Include="include\RomanceEngine\Math\matrix_4x4.h">
      <Filter>RomanceEngine\Header\Math</Filter>
    </ClInclude>
    <ClInclude Include="include\RomanceEngine\Math\constant.h">
      <Filter>RomanceEngine\Header\Math</Filter>
    </ClInclude>
    <ClInclude Include="include\RomanceEngine\Memory\shared_ptr.h">
      <Filter>RomanceEngine\Header\Memory</Filter>
    </ClInclude>
    <ClInclude Include="include\RomanceEngine\Render\vertex_shader.h">
      <Filter>RomanceEngine\Header\Render</Filter>
    </ClInclude>
    <ClInclude Include="include\RomanceEngine\Render\shader_manager.h">
      <Filter>RomanceEngine\Header\Render</Filter>
    </ClInclude>
    <ClInclude Include="include\RomanceEngine\Render\fragment_shader.h">
      <Filter>RomanceEngine\Header\Render</Filter>
    </ClInclude>
    <ClInclude Include="include\RomanceEngine\Render\render_context.h">
      <Filter>RomanceEngine\Header\Render</Filter>
    </ClInclude>
    <ClInclude Include="include\RomanceEngine\Render\primitive_renderer.h">
      <Filter>RomanceEngine\Header\Render</Filter>
    </ClInclude>
    <ClInclude Include="include\RomanceEngine\Math\float1234.h">
      <Filter>RomanceEngine\Header\Math</Filter>
    </ClInclude>
    <ClInclude Include="include\RomanceEngine\Render\constant.h">
      <Filter>RomanceEngine\Header\Render</Filter>
    </ClInclude>
    <ClInclude Include="include\RomanceEngine\RenderSystem\GL\gl_render_context.h">
      <Filter>RomanceEngine\Header\RenderSystem\GL</Filter>
    </ClInclude>
    <ClInclude Include="include\RomanceEngine\RenderSystem\GL\gl_shader_manager.h">
      <Filter>RomanceEngine\Header\RenderSystem\GL</Filter>
    </ClInclude>
    <ClInclude Include="include\RomanceEngine\RenderSystem\GL\gl_vertex_shader.h">
      <Filter>RomanceEngine\Header\RenderSystem\GL</Filter>
    </ClInclude>
    <ClInclude Include="include\RomanceEngine\RenderSystem\GL\gl_fragment_shader.h">
      <Filter>RomanceEngine\Header\RenderSystem\GL</Filter>
    </ClInclude>
    <ClInclude Include="include\RomanceEngine\Math\rect.h">
      <Filter>RomanceEngine\Header\Math</Filter>
    </ClInclude>
    <ClInclude Include="include\RomanceEngine\Math\math.h">
      <Filter>RomanceEngine\Header\Math</Filter>
    </ClInclude>
    <ClInclude Include="include\RomanceEngine\GUI\button.h">
      <Filter>RomanceEngine\Header\GUI</Filter>
    </ClInclude>
    <ClInclude Include="include\RomanceEngine\GUI\gui_object.h">
      <Filter>RomanceEngine\Header\GUI</Filter>
    </ClInclude>
    <ClInclude Include="include\RomanceEngine\GUI\value_bar.h">
      <Filter>RomanceEngine\Header\GUI</Filter>
    </ClInclude>
    <ClInclude Include="include\RomanceEngine\GUI\gui_manager.h">
      <Filter>RomanceEngine\Header\GUI</Filter>
    </ClInclude>
    <ClInclude Include="include\RomanceEngine\Render\camera.h">
      <Filter>RomanceEngine\Header\Render</Filter>
    </ClInclude>
    <ClInclude Include="include\RomanceEngine\Image\bitmap.h">
      <Filter>RomanceEngine\Header\Image</Filter>
    </ClInclude>
  </ItemGroup>
</Project>