<?xml version="1.0" encoding="utf-8"?>
<Project ToolsVersion="4.0" xmlns="http://schemas.microsoft.com/developer/msbuild/2003">
  <ItemGroup>
    <Filter Include="ソース ファイル">
      <UniqueIdentifier>{4FC737F1-C7A5-4376-A066-2A32D752A2FF}</UniqueIdentifier>
      <Extensions>cpp;c;cc;cxx;def;odl;idl;hpj;bat;asm;asmx</Extensions>
    </Filter>
    <Filter Include="ヘッダー ファイル">
      <UniqueIdentifier>{93995380-89BD-4b04-88EB-625FBE52EBFB}</UniqueIdentifier>
      <Extensions>h;hpp;hxx;hm;inl;inc;xsd</Extensions>
    </Filter>
    <Filter Include="リソース ファイル">
      <UniqueIdentifier>{67DA6AB6-F800-4c08-8B7A-83BB121AAD01}</UniqueIdentifier>
      <Extensions>rc;ico;cur;bmp;dlg;rc2;rct;bin;rgs;gif;jpg;jpeg;jpe;resx;tiff;tif;png;wav;mfcribbon-ms</Extensions>
    </Filter>
    <Filter Include="Shader">
      <UniqueIdentifier>{a305aa39-d9af-4970-87a1-b9f35b4da239}</UniqueIdentifier>
    </Filter>
    <Filter Include="RomanceEngine">
      <UniqueIdentifier>{76ed7e6e-ddef-42f7-b9d9-9610bd7415c2}</UniqueIdentifier>
    </Filter>
    <Filter Include="RomanceEngine\Source">
      <UniqueIdentifier>{26b8ba7e-84e5-49be-9c2b-44fc987036c1}</UniqueIdentifier>
    </Filter>
    <Filter Include="RomanceEngine\Header">
      <UniqueIdentifier>{c1351765-6580-4df2-9235-5654ee9b8721}</UniqueIdentifier>
    </Filter>
    <Filter Include="RomanceEngine\Source\Math">
      <UniqueIdentifier>{80f2804c-6c39-4b50-b959-d96ee91cffae}</UniqueIdentifier>
    </Filter>
    <Filter Include="RomanceEngine\Header\Math">
      <UniqueIdentifier>{f4a5172d-1363-48f9-9485-e9d12e97a738}</UniqueIdentifier>
    </Filter>
  </ItemGroup>
  <ItemGroup>
    <ClCompile Include="main.cpp">
      <Filter>ソース ファイル</Filter>
    </ClCompile>
    <ClCompile Include="src\RomanceEngine\Math\vector_3d.cpp">
      <Filter>RomanceEngine\Source\Math</Filter>
    </ClCompile>
    <ClCompile Include="src\RomanceEngine\Math\matrix_4x4.cpp">
      <Filter>RomanceEngine\Source\Math</Filter>
    </ClCompile>
  </ItemGroup>
  <ItemGroup>
    <None Include="none.fx">
      <Filter>Shader</Filter>
    </None>
    <None Include="none.cg">
      <Filter>Shader</Filter>
    </None>
    <None Include="vs.cg">
      <Filter>Shader</Filter>
    </None>
    <None Include="fs.cg">
      <Filter>Shader</Filter>
    </None>
  </ItemGroup>
  <ItemGroup>
    <ClInclude Include="include\RomanceEngine\Math\vector_3d.h">
      <Filter>RomanceEngine\Header\Math</Filter>
    </ClInclude>
    <ClInclude Include="include\RomanceEngine\Math\matrix_4x4.h">
      <Filter>RomanceEngine\Header\Math</Filter>
    </ClInclude>
    <ClInclude Include="include\RomanceEngine\Math\constant.h">
      <Filter>RomanceEngine\Header\Math</Filter>
    </ClInclude>
  </ItemGroup>
</Project>